
Microsoft Visual Studio Solution File, Format Version 12.00
# Visual Studio Version 16
VisualStudioVersion = 16.0.31729.503
MinimumVisualStudioVersion = 10.0.40219.1
Project("{9A19103F-16F7-4668-BE54-9A1E7A4F7556}") = "NumDotNet", "NumDotNet\NumDotNet.csproj", "{21737CEC-BCF7-4D4B-88D1-265FF6A2ED81}"
EndProject
Project("{9A19103F-16F7-4668-BE54-9A1E7A4F7556}") = "ConsoleTest", "ConsoleTest\ConsoleTest.csproj", "{C9560F4E-C818-4D09-BD7F-C6D4D1088B65}"
EndProject
Global
	GlobalSection(SolutionConfigurationPlatforms) = preSolution
		Debug|Any CPU = Debug|Any CPU
		Release|Any CPU = Release|Any CPU
	EndGlobalSection
	GlobalSection(ProjectConfigurationPlatforms) = postSolution
		{21737CEC-BCF7-4D4B-88D1-265FF6A2ED81}.Debug|Any CPU.ActiveCfg = Debug|Any CPU
		{21737CEC-BCF7-4D4B-88D1-265FF6A2ED81}.Debug|Any CPU.Build.0 = Debug|Any CPU
		{21737CEC-BCF7-4D4B-88D1-265FF6A2ED81}.Release|Any CPU.ActiveCfg = Release|Any CPU
		{21737CEC-BCF7-4D4B-88D1-265FF6A2ED81}.Release|Any CPU.Build.0 = Release|Any CPU
		{C9560F4E-C818-4D09-BD7F-C6D4D1088B65}.Debug|Any CPU.ActiveCfg = Debug|Any CPU
		{C9560F4E-C818-4D09-BD7F-C6D4D1088B65}.Debug|Any CPU.Build.0 = Debug|Any CPU
		{C9560F4E-C818-4D09-BD7F-C6D4D1088B65}.Release|Any CPU.ActiveCfg = Release|Any CPU
		{C9560F4E-C818-4D09-BD7F-C6D4D1088B65}.Release|Any CPU.Build.0 = Release|Any CPU
	EndGlobalSection
	GlobalSection(SolutionProperties) = preSolution
		HideSolutionNode = FALSE
	EndGlobalSection
	GlobalSection(ExtensibilityGlobals) = postSolution
		SolutionGuid = {6628BAB3-CEBA-4F42-A0E3-B84334424055}
	EndGlobalSection
EndGlobal
